
Microsoft Visual Studio Solution File, Format Version 12.00
# Visual Studio 15
VisualStudioVersion = 15.0.27703.2035
MinimumVisualStudioVersion = 10.0.40219.1
Project("{FAE04EC0-301F-11D3-BF4B-00C04F79EFBC}") = "DinnerPartys", "DinnerPartys\DinnerPartys.csproj", "{44871E61-2050-42BC-9E43-F5AA40B6306A}"
EndProject
Global
	GlobalSection(SolutionConfigurationPlatforms) = preSolution
		Debug|Any CPU = Debug|Any CPU
		Release|Any CPU = Release|Any CPU
	EndGlobalSection
	GlobalSection(ProjectConfigurationPlatforms) = postSolution
		{44871E61-2050-42BC-9E43-F5AA40B6306A}.Debug|Any CPU.ActiveCfg = Debug|Any CPU
		{44871E61-2050-42BC-9E43-F5AA40B6306A}.Debug|Any CPU.Build.0 = Debug|Any CPU
		{44871E61-2050-42BC-9E43-F5AA40B6306A}.Release|Any CPU.ActiveCfg = Release|Any CPU
		{44871E61-2050-42BC-9E43-F5AA40B6306A}.Release|Any CPU.Build.0 = Release|Any CPU
	EndGlobalSection
	GlobalSection(SolutionProperties) = preSolution
		HideSolutionNode = FALSE
	EndGlobalSection
	GlobalSection(ExtensibilityGlobals) = postSolution
		SolutionGuid = {83396EA4-8AAE-432E-BD91-5EB4FD43E50A}
	EndGlobalSection
EndGlobal
